
Microsoft Visual Studio Solution File, Format Version 12.00
# Visual Studio Version 17
VisualStudioVersion = 17.7.34302.85
MinimumVisualStudioVersion = 10.0.40219.1
Project("{FAE04EC0-301F-11D3-BF4B-00C04F79EFBC}") = "Projekt_PB", "Projekt_PB\Projekt_PB.csproj", "{63E96F8C-2BD9-42ED-89C6-6C2D1DD47051}"
EndProject
Global
	GlobalSection(SolutionConfigurationPlatforms) = preSolution
		Debug|Any CPU = Debug|Any CPU
		Release|Any CPU = Release|Any CPU
	EndGlobalSection
	GlobalSection(ProjectConfigurationPlatforms) = postSolution
		{63E96F8C-2BD9-42ED-89C6-6C2D1DD47051}.Debug|Any CPU.ActiveCfg = Debug|Any CPU
		{63E96F8C-2BD9-42ED-89C6-6C2D1DD47051}.Debug|Any CPU.Build.0 = Debug|Any CPU
		{63E96F8C-2BD9-42ED-89C6-6C2D1DD47051}.Release|Any CPU.ActiveCfg = Release|Any CPU
		{63E96F8C-2BD9-42ED-89C6-6C2D1DD47051}.Release|Any CPU.Build.0 = Release|Any CPU
	EndGlobalSection
	GlobalSection(SolutionProperties) = preSolution
		HideSolutionNode = FALSE
	EndGlobalSection
	GlobalSection(ExtensibilityGlobals) = postSolution
		SolutionGuid = {6F176EB7-DE59-4401-BCAC-6F9D353021F3}
	EndGlobalSection
EndGlobal
